{
  "name": "esm-my-project",
  "version": "1.0.0",
  "lockfileVersion": 2,
  "requires": true,
  "packages": {
    "": {
      "name": "esm-my-project",
      "version": "1.0.0",
      "license": "MIT",
      "dependencies": {
        "cjs-package": "file:../cjs-package",
        "esm-package": "file:../esm-package"
      }
    },
    "../cjs-package": {
      "version": "1.0.0",
      "license": "MIT"
    },
    "../esm-package": {
      "version": "1.0.0",
      "license": "MIT"
    },
    "node_modules/cjs-package": {
      "resolved": "../cjs-package",
      "link": true
    },
    "node_modules/esm-package": {
      "resolved": "../esm-package",
      "link": true
    }
  },
  "dependencies": {
    "cjs-package": {
      "version": "file:../cjs-package"
    },
    "esm-package": {
      "version": "file:../esm-package"
    }
  }
}
